
Microsoft Visual Studio Solution File, Format Version 12.00
# Visual Studio Version 17
VisualStudioVersion = 17.13.35931.197 d17.13
MinimumVisualStudioVersion = 10.0.40219.1
Project("{8BC9CEB8-8B4A-11D0-8D11-00A0C91BC942}") = "SeaBattleKursovai", "SeaBattleKursovai\SeaBattleKursovai.vcxproj", "{B9DC9818-DABE-496A-909C-727402DC2A75}"
EndProject
Global
	GlobalSection(SolutionConfigurationPlatforms) = preSolution
		Debug|x64 = Debug|x64
		Release|x64 = Release|x64
	EndGlobalSection
	GlobalSection(ProjectConfigurationPlatforms) = postSolution
		{B9DC9818-DABE-496A-909C-727402DC2A75}.Debug|x64.ActiveCfg = Debug|x64
		{B9DC9818-DABE-496A-909C-727402DC2A75}.Debug|x64.Build.0 = Debug|x64
		{B9DC9818-DABE-496A-909C-727402DC2A75}.Release|x64.ActiveCfg = Release|x64
		{B9DC9818-DABE-496A-909C-727402DC2A75}.Release|x64.Build.0 = Release|x64
	EndGlobalSection
	GlobalSection(SolutionProperties) = preSolution
		HideSolutionNode = FALSE
	EndGlobalSection
	GlobalSection(ExtensibilityGlobals) = postSolution
		SolutionGuid = {BB2D1B4F-0D9F-4FCB-8BAE-AC451E9698F9}
	EndGlobalSection
EndGlobal
